dependencies:
- name: frigate
  repository: file://subchart/frigate
  version: 1.2.2
- name: nvr-event-router
  repository: file://subchart/nvr-event-router
  version: 1.2.2
- name: nvr-event-router-ui
  repository: file://subchart/nvr-event-router-ui
  version: 1.2.2
- name: mqtt-broker
  repository: file://subchart/mqtt-broker
  version: 1.2.2
- name: redis
  repository: file://subchart/redis
  version: 1.2.2
digest: sha256:aabb9a8d1e5722d3c797d055b549d7a76dba95ef5bb229de5235ef38f9eeb48d
generated: "2025-11-14T21:14:41.301222497+05:30"
